// !$*UTF8*$!
{
	archiveVersion = 1;
	classes = {
	};
	objectVersion = 46;
	objects = {

/* Begin PBXBuildFile section */
		576014711D74E4BF00AE0FFB /* AppDelegate.swift in Sources */ = {isa = PBXBuildFile; fileRef = 576014701D74E4BF00AE0FFB /* AppDelegate.swift */; };
		576014731D74E4BF00AE0FFB /* ViewController.swift in Sources */ = {isa = PBXBuildFile; fileRef = 576014721D74E4BF00AE0FFB /* ViewController.swift */; };
		576014761D74E4BF00AE0FFB /* Main.storyboard in Resources */ = {isa = PBXBuildFile; fileRef = 576014741D74E4BF00AE0FFB /* Main.storyboard */; };
		576014781D74E4BF00AE0FFB /* Assets.xcassets in Resources */ = {isa = PBXBuildFile; fileRef = 576014771D74E4BF00AE0FFB /* Assets.xcassets */; };
		5760147B1D74E4BF00AE0FFB /* LaunchScreen.storyboard in Resources */ = {isa = PBXBuildFile; fileRef = 576014791D74E4BF00AE0FFB /* LaunchScreen.storyboard */; };
		5760148A1D74E5F800AE0FFB /* NotoSans-Bold.ttf in Resources */ = {isa = PBXBuildFile; fileRef = 576014861D74E5F800AE0FFB /* NotoSans-Bold.ttf */; };
		5760148B1D74E5F800AE0FFB /* NotoSans-BoldItalic.ttf in Resources */ = {isa = PBXBuildFile; fileRef = 576014871D74E5F800AE0FFB /* NotoSans-BoldItalic.ttf */; };
		5760148C1D74E5F800AE0FFB /* NotoSans-Italic.ttf in Resources */ = {isa = PBXBuildFile; fileRef = 576014881D74E5F800AE0FFB /* NotoSans-Italic.ttf */; };
		5760148D1D74E5F800AE0FFB /* NotoSans-Regular.ttf in Resources */ = {isa = PBXBuildFile; fileRef = 576014891D74E5F800AE0FFB /* NotoSans-Regular.ttf */; };
		576014901D74EA3100AE0FFB /* Constants.swift in Sources */ = {isa = PBXBuildFile; fileRef = 5760148F1D74EA3100AE0FFB /* Constants.swift */; };
		576014921D74EBC700AE0FFB /* MaterialView.swift in Sources */ = {isa = PBXBuildFile; fileRef = 576014911D74EBC700AE0FFB /* MaterialView.swift */; };
		576014941D74F23E00AE0FFB /* facebook-connect.png in Resources */ = {isa = PBXBuildFile; fileRef = 576014931D74F23E00AE0FFB /* facebook-connect.png */; };
/* End PBXBuildFile section */

/* Begin PBXFileReference section */
		5760146D1D74E4BF00AE0FFB /* AppShowcase.app */ = {isa = PBXFileReference; explicitFileType = wrapper.application; includeInIndex = 0; path = AppShowcase.app; sourceTree = BUILT_PRODUCTS_DIR; };
		576014701D74E4BF00AE0FFB /* AppDelegate.swift */ = {isa = PBXFileReference; lastKnownFileType = sourcecode.swift; path = AppDelegate.swift; sourceTree = "<group>"; };
		576014721D74E4BF00AE0FFB /* ViewController.swift */ = {isa = PBXFileReference; lastKnownFileType = sourcecode.swift; path = ViewController.swift; sourceTree = "<group>"; };
		576014751D74E4BF00AE0FFB /* Base */ = {isa = PBXFileReference; lastKnownFileType = file.storyboard; name = Base; path = Base.lproj/Main.storyboard; sourceTree = "<group>"; };
		576014771D74E4BF00AE0FFB /* Assets.xcassets */ = {isa = PBXFileReference; lastKnownFileType = folder.assetcatalog; path = Assets.xcassets; sourceTree = "<group>"; };
		5760147A1D74E4BF00AE0FFB /* Base */ = {isa = PBXFileReference; lastKnownFileType = file.storyboard; name = Base; path = Base.lproj/LaunchScreen.storyboard; sourceTree = "<group>"; };
		5760147C1D74E4BF00AE0FFB /* Info.plist */ = {isa = PBXFileReference; lastKnownFileType = text.plist.xml; path = Info.plist; sourceTree = "<group>"; };
		576014861D74E5F800AE0FFB /* NotoSans-Bold.ttf */ = {isa = PBXFileReference; lastKnownFileType = file; path = "NotoSans-Bold.ttf"; sourceTree = "<group>"; };
		576014871D74E5F800AE0FFB /* NotoSans-BoldItalic.ttf */ = {isa = PBXFileReference; lastKnownFileType = file; path = "NotoSans-BoldItalic.ttf"; sourceTree = "<group>"; };
		576014881D74E5F800AE0FFB /* NotoSans-Italic.ttf */ = {isa = PBXFileReference; lastKnownFileType = file; path = "NotoSans-Italic.ttf"; sourceTree = "<group>"; };
		576014891D74E5F800AE0FFB /* NotoSans-Regular.ttf */ = {isa = PBXFileReference; lastKnownFileType = file; path = "NotoSans-Regular.ttf"; sourceTree = "<group>"; };
		5760148F1D74EA3100AE0FFB /* Constants.swift */ = {isa = PBXFileReference; fileEncoding = 4; lastKnownFileType = sourcecode.swift; path = Constants.swift; sourceTree = "<group>"; };
		576014911D74EBC700AE0FFB /* MaterialView.swift */ = {isa = PBXFileReference; fileEncoding = 4; lastKnownFileType = sourcecode.swift; path = MaterialView.swift; sourceTree = "<group>"; };
		576014931D74F23E00AE0FFB /* facebook-connect.png */ = {isa = PBXFileReference; lastKnownFileType = image.png; name = "facebook-connect.png"; path = "Assets.xcassets/facebook-connect.png"; sourceTree = "<group>"; };
/* End PBXFileReference section */

/* Begin PBXFrameworksBuildPhase section */
		5760146A1D74E4BF00AE0FFB /* Frameworks */ = {
			isa = PBXFrameworksBuildPhase;
			buildActionMask = 2147483647;
			files = (
			);
			runOnlyForDeploymentPostprocessing = 0;
		};
/* End PBXFrameworksBuildPhase section */

/* Begin PBXGroup section */
		576014641D74E4BF00AE0FFB = {
			isa = PBXGroup;
			children = (
				5760146F1D74E4BF00AE0FFB /* AppShowcase */,
				5760146E1D74E4BF00AE0FFB /* Products */,
			);
			sourceTree = "<group>";
		};
		5760146E1D74E4BF00AE0FFB /* Products */ = {
			isa = PBXGroup;
			children = (
				5760146D1D74E4BF00AE0FFB /* AppShowcase.app */,
			);
			name = Products;
			sourceTree = "<group>";
		};
		5760146F1D74E4BF00AE0FFB /* AppShowcase */ = {
			isa = PBXGroup;
			children = (
				5760148E1D74E95800AE0FFB /* Util */,
				576014851D74E5BF00AE0FFB /* Resources */,
				576014841D74E5B800AE0FFB /* Model */,
				576014831D74E5AD00AE0FFB /* View */,
				576014821D74E59D00AE0FFB /* Controller */,
				576014701D74E4BF00AE0FFB /* AppDelegate.swift */,
				576014721D74E4BF00AE0FFB /* ViewController.swift */,
				576014741D74E4BF00AE0FFB /* Main.storyboard */,
				576014771D74E4BF00AE0FFB /* Assets.xcassets */,
				576014931D74F23E00AE0FFB /* facebook-connect.png */,
				576014791D74E4BF00AE0FFB /* LaunchScreen.storyboard */,
				5760147C1D74E4BF00AE0FFB /* Info.plist */,
			);
			path = AppShowcase;
			sourceTree = "<group>";
		};
		576014821D74E59D00AE0FFB /* Controller */ = {
			isa = PBXGroup;
			children = (
			);
			name = Controller;
			sourceTree = "<group>";
		};
		576014831D74E5AD00AE0FFB /* View */ = {
			isa = PBXGroup;
			children = (
				576014911D74EBC700AE0FFB /* MaterialView.swift */,
			);
			name = View;
			sourceTree = "<group>";
		};
		576014841D74E5B800AE0FFB /* Model */ = {
			isa = PBXGroup;
			children = (
			);
			name = Model;
			sourceTree = "<group>";
		};
		576014851D74E5BF00AE0FFB /* Resources */ = {
			isa = PBXGroup;
			children = (
				576014861D74E5F800AE0FFB /* NotoSans-Bold.ttf */,
				576014871D74E5F800AE0FFB /* NotoSans-BoldItalic.ttf */,
				576014881D74E5F800AE0FFB /* NotoSans-Italic.ttf */,
				576014891D74E5F800AE0FFB /* NotoSans-Regular.ttf */,
			);
			name = Resources;
			sourceTree = "<group>";
		};
		5760148E1D74E95800AE0FFB /* Util */ = {
			isa = PBXGroup;
			children = (
				5760148F1D74EA3100AE0FFB /* Constants.swift */,
			);
			name = Util;
			sourceTree = "<group>";
		};
/* End PBXGroup section */

/* Begin PBXNativeTarget section */
		5760146C1D74E4BF00AE0FFB /* AppShowcase */ = {
			isa = PBXNativeTarget;
			buildConfigurationList = 5760147F1D74E4BF00AE0FFB /* Build configuration list for PBXNativeTarget "AppShowcase" */;
			buildPhases = (
				576014691D74E4BF00AE0FFB /* Sources */,
				5760146A1D74E4BF00AE0FFB /* Frameworks */,
				5760146B1D74E4BF00AE0FFB /* Resources */,
			);
			buildRules = (
			);
			dependencies = (
			);
			name = AppShowcase;
			productName = AppShowcase;
			productReference = 5760146D1D74E4BF00AE0FFB /* AppShowcase.app */;
			productType = "com.apple.product-type.application";
		};
/* End PBXNativeTarget section */

/* Begin PBXProject section */
		576014651D74E4BF00AE0FFB /* Project object */ = {
			isa = PBXProject;
			attributes = {
				LastSwiftUpdateCheck = 0730;
				LastUpgradeCheck = 0730;
				ORGANIZATIONNAME = zeroxp;
				TargetAttributes = {
					5760146C1D74E4BF00AE0FFB = {
						CreatedOnToolsVersion = 7.3.1;
					};
				};
			};
			buildConfigurationList = 576014681D74E4BF00AE0FFB /* Build configuration list for PBXProject "AppShowcase" */;
			compatibilityVersion = "Xcode 3.2";
			developmentRegion = English;
			hasScannedForEncodings = 0;
			knownRegions = (
				en,
				Base,
			);
			mainGroup = 576014641D74E4BF00AE0FFB;
			productRefGroup = 5760146E1D74E4BF00AE0FFB /* Products */;
			projectDirPath = "";
			projectRoot = "";
			targets = (
				5760146C1D74E4BF00AE0FFB /* AppShowcase */,
			);
		};
/* End PBXProject section */

/* Begin PBXResourcesBuildPhase section */
		5760146B1D74E4BF00AE0FFB /* Resources */ = {
			isa = PBXResourcesBuildPhase;
			buildActionMask = 2147483647;
			files = (
				576014941D74F23E00AE0FFB /* facebook-connect.png in Resources */,
				5760148A1D74E5F800AE0FFB /* NotoSans-Bold.ttf in Resources */,
				5760147B1D74E4BF00AE0FFB /* LaunchScreen.storyboard in Resources */,
				5760148B1D74E5F800AE0FFB /* NotoSans-BoldItalic.ttf in Resources */,
				5760148C1D74E5F800AE0FFB /* NotoSans-Italic.ttf in Resources */,
				576014781D74E4BF00AE0FFB /* Assets.xcassets in Resources */,
				576014761D74E4BF00AE0FFB /* Main.storyboard in Resources */,
				5760148D1D74E5F800AE0FFB /* NotoSans-Regular.ttf in Resources */,
			);
			runOnlyForDeploymentPostprocessing = 0;
		};
/* End PBXResourcesBuildPhase section */

/* Begin PBXSourcesBuildPhase section */
		576014691D74E4BF00AE0FFB /* Sources */ = {
			isa = PBXSourcesBuildPhase;
			buildActionMask = 2147483647;
			files = (
				576014731D74E4BF00AE0FFB /* ViewController.swift in Sources */,
				576014711D74E4BF00AE0FFB /* AppDelegate.swift in Sources */,
				576014901D74EA3100AE0FFB /* Constants.swift in Sources */,
				576014921D74EBC700AE0FFB /* MaterialView.swift in Sources */,
			);
			runOnlyForDeploymentPostprocessing = 0;
		};
/* End PBXSourcesBuildPhase section */

/* Begin PBXVariantGroup section */
		576014741D74E4BF00AE0FFB /* Main.storyboard */ = {
			isa = PBXVariantGroup;
			children = (
				576014751D74E4BF00AE0FFB /* Base */,
			);
			name = Main.storyboard;
			sourceTree = "<group>";
		};
		576014791D74E4BF00AE0FFB /* LaunchScreen.storyboard */ = {
			isa = PBXVariantGroup;
			children = (
				5760147A1D74E4BF00AE0FFB /* Base */,
			);
			name = LaunchScreen.storyboard;
			sourceTree = "<group>";
		};
/* End PBXVariantGroup section */

/* Begin XCBuildConfiguration section */
		5760147D1D74E4BF00AE0FFB /* Debug */ = {
			isa = XCBuildConfiguration;
			buildSettings = {
				ALWAYS_SEARCH_USER_PATHS = NO;
				CLANG_ANALYZER_NONNULL = YES;
				CLANG_CXX_LANGUAGE_STANDARD = "gnu++0x";
				CLANG_CXX_LIBRARY = "libc++";
				CLANG_ENABLE_MODULES = YES;
				CLANG_ENABLE_OBJC_ARC = YES;
				CLANG_WARN_BOOL_CONVERSION = YES;
				CLANG_WARN_CONSTANT_CONVERSION = YES;
				CLANG_WARN_DIRECT_OBJC_ISA_USAGE = YES_ERROR;
				CLANG_WARN_EMPTY_BODY = YES;
				CLANG_WARN_ENUM_CONVERSION = YES;
				CLANG_WARN_INT_CONVERSION = YES;
				CLANG_WARN_OBJC_ROOT_CLASS = YES_ERROR;
				CLANG_WARN_UNREACHABLE_CODE = YES;
				CLANG_WARN__DUPLICATE_METHOD_MATCH = YES;
				"CODE_SIGN_IDENTITY[sdk=iphoneos*]" = "iPhone Developer";
				COPY_PHASE_STRIP = NO;
				DEBUG_INFORMATION_FORMAT = dwarf;
				ENABLE_STRICT_OBJC_MSGSEND = YES;
				ENABLE_TESTABILITY = YES;
				GCC_C_LANGUAGE_STANDARD = gnu99;
				GCC_DYNAMIC_NO_PIC = NO;
				GCC_NO_COMMON_BLOCKS = YES;
				GCC_OPTIMIZATION_LEVEL = 0;
				GCC_PREPROCESSOR_DEFINITIONS = (
					"DEBUG=1",
					"$(inherited)",
				);
				GCC_WARN_64_TO_32_BIT_CONVERSION = YES;
				GCC_WARN_ABOUT_RETURN_TYPE = YES_ERROR;
				GCC_WARN_UNDECLARED_SELECTOR = YES;
				GCC_WARN_UNINITIALIZED_AUTOS = YES_AGGRESSIVE;
				GCC_WARN_UNUSED_FUNCTION = YES;
				GCC_WARN_UNUSED_VARIABLE = YES;
				IPHONEOS_DEPLOYMENT_TARGET = 9.3;
				MTL_ENABLE_DEBUG_INFO = YES;
				ONLY_ACTIVE_ARCH = YES;
				SDKROOT = iphoneos;
				SWIFT_OPTIMIZATION_LEVEL = "-Onone";
			};
			name = Debug;
		};
		5760147E1D74E4BF00AE0FFB /* Release */ = {
			isa = XCBuildConfiguration;
			buildSettings = {
				ALWAYS_SEARCH_USER_PATHS = NO;
				CLANG_ANALYZER_NONNULL = YES;
				CLANG_CXX_LANGUAGE_STANDARD = "gnu++0x";
				CLANG_CXX_LIBRARY = "libc++";
				CLANG_ENABLE_MODULES = YES;
				CLANG_ENABLE_OBJC_ARC = YES;
				CLANG_WARN_BOOL_CONVERSION = YES;
				CLANG_WARN_CONSTANT_CONVERSION = YES;
				CLANG_WARN_DIRECT_OBJC_ISA_USAGE = YES_ERROR;
				CLANG_WARN_EMPTY_BODY = YES;
				CLANG_WARN_ENUM_CONVERSION = YES;
				CLANG_WARN_INT_CONVERSION = YES;
				CLANG_WARN_OBJC_ROOT_CLASS = YES_ERROR;
				CLANG_WARN_UNREACHABLE_CODE = YES;
				CLANG_WARN__DUPLICATE_METHOD_MATCH = YES;
				"CODE_SIGN_IDENTITY[sdk=iphoneos*]" = "iPhone Developer";
				COPY_PHASE_STRIP = NO;
				DEBUG_INFORMATION_FORMAT = "dwarf-with-dsym";
				ENABLE_NS_ASSERTIONS = NO;
				ENABLE_STRICT_OBJC_MSGSEND = YES;
				GCC_C_LANGUAGE_STANDARD = gnu99;
				GCC_NO_COMMON_BLOCKS = YES;
				GCC_WARN_64_TO_32_BIT_CONVERSION = YES;
				GCC_WARN_ABOUT_RETURN_TYPE = YES_ERROR;
				GCC_WARN_UNDECLARED_SELECTOR = YES;
				GCC_WARN_UNINITIALIZED_AUTOS = YES_AGGRESSIVE;
				GCC_WARN_UNUSED_FUNCTION = YES;
				GCC_WARN_UNUSED_VARIABLE = YES;
				IPHONEOS_DEPLOYMENT_TARGET = 9.3;
				MTL_ENABLE_DEBUG_INFO = NO;
				SDKROOT = iphoneos;
				VALIDATE_PRODUCT = YES;
			};
			name = Release;
		};
		576014801D74E4BF00AE0FFB /* Debug */ = {
			isa = XCBuildConfiguration;
			buildSettings = {
				ASSETCATALOG_COMPILER_APPICON_NAME = AppIcon;
				INFOPLIST_FILE = AppShowcase/Info.plist;
				LD_RUNPATH_SEARCH_PATHS = "$(inherited) @executable_path/Frameworks";
				PRODUCT_BUNDLE_IDENTIFIER = io.zeroxp.AppShowcase;
				PRODUCT_NAME = "$(TARGET_NAME)";
			};
			name = Debug;
		};
		576014811D74E4BF00AE0FFB /* Release */ = {
			isa = XCBuildConfiguration;
			buildSettings = {
				ASSETCATALOG_COMPILER_APPICON_NAME = AppIcon;
				INFOPLIST_FILE = AppShowcase/Info.plist;
				LD_RUNPATH_SEARCH_PATHS = "$(inherited) @executable_path/Frameworks";
				PRODUCT_BUNDLE_IDENTIFIER = io.zeroxp.AppShowcase;
				PRODUCT_NAME = "$(TARGET_NAME)";
			};
			name = Release;
		};
/* End XCBuildConfiguration section */

/* Begin XCConfigurationList section */
		576014681D74E4BF00AE0FFB /* Build configuration list for PBXProject "AppShowcase" */ = {
			isa = XCConfigurationList;
			buildConfigurations = (
				5760147D1D74E4BF00AE0FFB /* Debug */,
				5760147E1D74E4BF00AE0FFB /* Release */,
			);
			defaultConfigurationIsVisible = 0;
			defaultConfigurationName = Release;
		};
		5760147F1D74E4BF00AE0FFB /* Build configuration list for PBXNativeTarget "AppShowcase" */ = {
			isa = XCConfigurationList;
			buildConfigurations = (
				576014801D74E4BF00AE0FFB /* Debug */,
				576014811D74E4BF00AE0FFB /* Release */,
			);
			defaultConfigurationIsVisible = 0;
		};
/* End XCConfigurationList section */
	};
	rootObject = 576014651D74E4BF00AE0FFB /* Project object */;
}
